
Microsoft Visual Studio Solution File, Format Version 12.00
# Visual Studio Version 17
VisualStudioVersion = 17.4.33205.214
MinimumVisualStudioVersion = 10.0.40219.1
Project("{9A19103F-16F7-4668-BE54-9A1E7A4F7556}") = "TeensyRom.Core", "src\TeensyRom.Core\TeensyRom.Core.csproj", "{E73DA390-E535-4B33-A7DF-8F83D43DE82E}"
EndProject
Project("{2150E333-8FDC-42A3-9474-1A3956D46DE8}") = "Solution Items", "Solution Items", "{368B3443-1DCC-48A4-82EF-F8F1D2E53FBA}"
	ProjectSection(SolutionItems) = preProject
		.editorconfig = .editorconfig
	EndProjectSection
EndProject
Project("{9A19103F-16F7-4668-BE54-9A1E7A4F7556}") = "TeensyRom.Core.Storage.Tests", "src\TeensyRom.Core.Storage.Tests\TeensyRom.Core.Storage.Tests.csproj", "{5B6FE7D7-3EEF-4B6F-9EA3-4FD2268C7311}"
EndProject
Project("{2150E333-8FDC-42A3-9474-1A3956D46DE8}") = "Tests", "Tests", "{7E3C6ECA-A1A8-446F-A8D0-A662F109F2B9}"
EndProject
Project("{9A19103F-16F7-4668-BE54-9A1E7A4F7556}") = "TeensyRom.Core.Tests", "src\TeensyRom.Core.Tests\TeensyRom.Core.Tests.csproj", "{A1B2C3D4-E5F6-7890-ABCD-EF1234567890}"
EndProject
Project("{FAE04EC0-301F-11D3-BF4B-00C04F79EFBC}") = "TeensyRom.Core.Serial", "src\TeensyRom.Core.Serial\TeensyRom.Core.Serial.csproj", "{CBBEC5BE-853A-4BD8-8F64-22B8ECE4F6F4}"
EndProject
Project("{FAE04EC0-301F-11D3-BF4B-00C04F79EFBC}") = "TeensyRom.Core.Storage", "src\TeensyRom.Core.Storage\TeensyRom.Core.Storage.csproj", "{DF947B64-0B87-4D44-A4B6-5E3D393470F1}"
EndProject
Project("{FAE04EC0-301F-11D3-BF4B-00C04F79EFBC}") = "TeensyRom.Api", "src\TeensyRom.Api\TeensyRom.Api.csproj", "{2676BA53-6477-48A6-8027-3CEC22E5DA2C}"
EndProject
Project("{FAE04EC0-301F-11D3-BF4B-00C04F79EFBC}") = "TeensyRom.Api.Tests.Integration", "src\TeensyRom.Api.Tests.Integration\TeensyRom.Api.Tests.Integration.csproj", "{8BC14A39-60F0-4332-95B6-C456EC6C8763}"
EndProject
Project("{FAE04EC0-301F-11D3-BF4B-00C04F79EFBC}") = "TeensyRom.Core.Device", "src\TeensyRom.Core.Device\TeensyRom.Core.Device.csproj", "{EFE409B3-E046-4A81-A8E4-F2135BF0D3B6}"
EndProject
Project("{FAE04EC0-301F-11D3-BF4B-00C04F79EFBC}") = "TeensyRom.Tools.DeepSidExporter", "src\TeensyRom.Tools.DeepSidExporter\TeensyRom.Tools.DeepSidExporter.csproj", "{75FC855E-7F8D-4091-ABB9-9CB2FFC5A19B}"
EndProject
Project("{FAE04EC0-301F-11D3-BF4B-00C04F79EFBC}") = "TeensyRom.Api.Tests.Unit", "src\TeensyRom.Api.Tests.Unit\TeensyRom.Api.Tests.Unit.csproj", "{F2E85E14-8831-47FD-B1DB-38B605D937AF}"
EndProject
Project("{9A19103F-16F7-4668-BE54-9A1E7A4F7556}") = "TeensyRom.Core.Serial.Tests.Unit", "src\TeensyRom.Core.Serial.Tests.Unit\TeensyRom.Core.Serial.Tests.Unit.csproj", "{8B948440-CF94-4684-B09E-B1DC6575591B}"
EndProject
Project("{FAE04EC0-301F-11D3-BF4B-00C04F79EFBC}") = "TeensyRom.Core.Serial.Tests.Integration", "src\TeensyRom.Core.Serial.Tests.Integration\TeensyRom.Core.Serial.Tests.Integration.csproj", "{429EA16D-89B7-4388-B21D-471485E74124}"
EndProject
Project("{FAE04EC0-301F-11D3-BF4B-00C04F79EFBC}") = "TeensyRom.Core.Device.Tests.Unit", "src\TeensyRom.Core.Device.Tests.Unit\TeensyRom.Core.Device.Tests.Unit.csproj", "{FEF4C593-342C-47DE-AC8F-AAB2AE2B5A35}"
EndProject
Project("{FAE04EC0-301F-11D3-BF4B-00C04F79EFBC}") = "TeensyRom.Core.Device.Tests.Integration", "src\TeensyRom.Core.Device.Tests.Integration\TeensyRom.Core.Device.Tests.Integration.csproj", "{B02B6B71-CBFA-4B4B-9BC0-D3D1817DFA22}"
EndProject
Project("{FAE04EC0-301F-11D3-BF4B-00C04F79EFBC}") = "TeensyRom.TcpDebugger", "src\TeensyRom.TcpDebugger\TeensyRom.TcpDebugger.csproj", "{7BBA86DA-05C3-46F7-B705-BD48084B496B}"
EndProject
Project("{FAE04EC0-301F-11D3-BF4B-00C04F79EFBC}") = "TeensyRom.Core.Audio", "src\TeensyRom.Core.Audio\TeensyRom.Core.Audio.csproj", "{A1B2C3D4-E5F6-7891-ABCD-EF1234567891}"
EndProject
Project("{2150E333-8FDC-42A3-9474-1A3956D46DE8}") = "src", "src", "{827E0CD3-B72D-47B6-A68D-7590B98EB39B}"
EndProject
Project("{FAE04EC0-301F-11D3-BF4B-00C04F79EFBC}") = "TeensyRom.Core.Audio.Tests", "src\TeensyRom.Core.Audio.Tests\TeensyRom.Core.Audio.Tests.csproj", "{0ABDED67-BBB0-42D9-9249-0751746DB140}"
EndProject
Global
	GlobalSection(SolutionConfigurationPlatforms) = preSolution
		Debug|Any CPU = Debug|Any CPU
		Debug|x64 = Debug|x64
		Debug|x86 = Debug|x86
		Release|Any CPU = Release|Any CPU
		Release|x64 = Release|x64
		Release|x86 = Release|x86
	EndGlobalSection
	GlobalSection(ProjectConfigurationPlatforms) = postSolution
		{E73DA390-E535-4B33-A7DF-8F83D43DE82E}.Debug|Any CPU.ActiveCfg = Debug|Any CPU
		{E73DA390-E535-4B33-A7DF-8F83D43DE82E}.Debug|Any CPU.Build.0 = Debug|Any CPU
		{E73DA390-E535-4B33-A7DF-8F83D43DE82E}.Debug|x64.ActiveCfg = Debug|Any CPU
		{E73DA390-E535-4B33-A7DF-8F83D43DE82E}.Debug|x64.Build.0 = Debug|Any CPU
		{E73DA390-E535-4B33-A7DF-8F83D43DE82E}.Debug|x86.ActiveCfg = Debug|Any CPU
		{E73DA390-E535-4B33-A7DF-8F83D43DE82E}.Debug|x86.Build.0 = Debug|Any CPU
		{E73DA390-E535-4B33-A7DF-8F83D43DE82E}.Release|Any CPU.ActiveCfg = Release|Any CPU
		{E73DA390-E535-4B33-A7DF-8F83D43DE82E}.Release|Any CPU.Build.0 = Release|Any CPU
		{E73DA390-E535-4B33-A7DF-8F83D43DE82E}.Release|x64.ActiveCfg = Release|Any CPU
		{E73DA390-E535-4B33-A7DF-8F83D43DE82E}.Release|x64.Build.0 = Release|Any CPU
		{E73DA390-E535-4B33-A7DF-8F83D43DE82E}.Release|x86.ActiveCfg = Release|Any CPU
		{E73DA390-E535-4B33-A7DF-8F83D43DE82E}.Release|x86.Build.0 = Release|Any CPU
		{5B6FE7D7-3EEF-4B6F-9EA3-4FD2268C7311}.Debug|Any CPU.ActiveCfg = Debug|Any CPU
		{5B6FE7D7-3EEF-4B6F-9EA3-4FD2268C7311}.Debug|Any CPU.Build.0 = Debug|Any CPU
		{5B6FE7D7-3EEF-4B6F-9EA3-4FD2268C7311}.Debug|x64.ActiveCfg = Debug|Any CPU
		{5B6FE7D7-3EEF-4B6F-9EA3-4FD2268C7311}.Debug|x64.Build.0 = Debug|Any CPU
		{5B6FE7D7-3EEF-4B6F-9EA3-4FD2268C7311}.Debug|x86.ActiveCfg = Debug|Any CPU
		{5B6FE7D7-3EEF-4B6F-9EA3-4FD2268C7311}.Debug|x86.Build.0 = Debug|Any CPU
		{5B6FE7D7-3EEF-4B6F-9EA3-4FD2268C7311}.Release|Any CPU.ActiveCfg = Release|Any CPU
		{5B6FE7D7-3EEF-4B6F-9EA3-4FD2268C7311}.Release|Any CPU.Build.0 = Release|Any CPU
		{5B6FE7D7-3EEF-4B6F-9EA3-4FD2268C7311}.Release|x64.ActiveCfg = Release|Any CPU
		{5B6FE7D7-3EEF-4B6F-9EA3-4FD2268C7311}.Release|x64.Build.0 = Release|Any CPU
		{5B6FE7D7-3EEF-4B6F-9EA3-4FD2268C7311}.Release|x86.ActiveCfg = Release|Any CPU
		{5B6FE7D7-3EEF-4B6F-9EA3-4FD2268C7311}.Release|x86.Build.0 = Release|Any CPU
		{A1B2C3D4-E5F6-7890-ABCD-EF1234567890}.Debug|Any CPU.ActiveCfg = Debug|Any CPU
		{A1B2C3D4-E5F6-7890-ABCD-EF1234567890}.Debug|Any CPU.Build.0 = Debug|Any CPU
		{A1B2C3D4-E5F6-7890-ABCD-EF1234567890}.Debug|x64.ActiveCfg = Debug|Any CPU
		{A1B2C3D4-E5F6-7890-ABCD-EF1234567890}.Debug|x64.Build.0 = Debug|Any CPU
		{A1B2C3D4-E5F6-7890-ABCD-EF1234567890}.Debug|x86.ActiveCfg = Debug|Any CPU
		{A1B2C3D4-E5F6-7890-ABCD-EF1234567890}.Debug|x86.Build.0 = Debug|Any CPU
		{A1B2C3D4-E5F6-7890-ABCD-EF1234567890}.Release|Any CPU.ActiveCfg = Release|Any CPU
		{A1B2C3D4-E5F6-7890-ABCD-EF1234567890}.Release|Any CPU.Build.0 = Release|Any CPU
		{A1B2C3D4-E5F6-7890-ABCD-EF1234567890}.Release|x64.ActiveCfg = Release|Any CPU
		{A1B2C3D4-E5F6-7890-ABCD-EF1234567890}.Release|x64.Build.0 = Release|Any CPU
		{A1B2C3D4-E5F6-7890-ABCD-EF1234567890}.Release|x86.ActiveCfg = Release|Any CPU
		{A1B2C3D4-E5F6-7890-ABCD-EF1234567890}.Release|x86.Build.0 = Release|Any CPU
		{CBBEC5BE-853A-4BD8-8F64-22B8ECE4F6F4}.Debug|Any CPU.ActiveCfg = Debug|Any CPU
		{CBBEC5BE-853A-4BD8-8F64-22B8ECE4F6F4}.Debug|Any CPU.Build.0 = Debug|Any CPU
		{CBBEC5BE-853A-4BD8-8F64-22B8ECE4F6F4}.Debug|x64.ActiveCfg = Debug|Any CPU
		{CBBEC5BE-853A-4BD8-8F64-22B8ECE4F6F4}.Debug|x64.Build.0 = Debug|Any CPU
		{CBBEC5BE-853A-4BD8-8F64-22B8ECE4F6F4}.Debug|x86.ActiveCfg = Debug|Any CPU
		{CBBEC5BE-853A-4BD8-8F64-22B8ECE4F6F4}.Debug|x86.Build.0 = Debug|Any CPU
		{CBBEC5BE-853A-4BD8-8F64-22B8ECE4F6F4}.Release|Any CPU.ActiveCfg = Release|Any CPU
		{CBBEC5BE-853A-4BD8-8F64-22B8ECE4F6F4}.Release|Any CPU.Build.0 = Release|Any CPU
		{CBBEC5BE-853A-4BD8-8F64-22B8ECE4F6F4}.Release|x64.ActiveCfg = Release|Any CPU
		{CBBEC5BE-853A-4BD8-8F64-22B8ECE4F6F4}.Release|x64.Build.0 = Release|Any CPU
		{CBBEC5BE-853A-4BD8-8F64-22B8ECE4F6F4}.Release|x86.ActiveCfg = Release|Any CPU
		{CBBEC5BE-853A-4BD8-8F64-22B8ECE4F6F4}.Release|x86.Build.0 = Release|Any CPU
		{DF947B64-0B87-4D44-A4B6-5E3D393470F1}.Debug|Any CPU.ActiveCfg = Debug|Any CPU
		{DF947B64-0B87-4D44-A4B6-5E3D393470F1}.Debug|Any CPU.Build.0 = Debug|Any CPU
		{DF947B64-0B87-4D44-A4B6-5E3D393470F1}.Debug|x64.ActiveCfg = Debug|Any CPU
		{DF947B64-0B87-4D44-A4B6-5E3D393470F1}.Debug|x64.Build.0 = Debug|Any CPU
		{DF947B64-0B87-4D44-A4B6-5E3D393470F1}.Debug|x86.ActiveCfg = Debug|Any CPU
		{DF947B64-0B87-4D44-A4B6-5E3D393470F1}.Debug|x86.Build.0 = Debug|Any CPU
		{DF947B64-0B87-4D44-A4B6-5E3D393470F1}.Release|Any CPU.ActiveCfg = Release|Any CPU
		{DF947B64-0B87-4D44-A4B6-5E3D393470F1}.Release|Any CPU.Build.0 = Release|Any CPU
		{DF947B64-0B87-4D44-A4B6-5E3D393470F1}.Release|x64.ActiveCfg = Release|Any CPU
		{DF947B64-0B87-4D44-A4B6-5E3D393470F1}.Release|x64.Build.0 = Release|Any CPU
		{DF947B64-0B87-4D44-A4B6-5E3D393470F1}.Release|x86.ActiveCfg = Release|Any CPU
		{DF947B64-0B87-4D44-A4B6-5E3D393470F1}.Release|x86.Build.0 = Release|Any CPU
		{2676BA53-6477-48A6-8027-3CEC22E5DA2C}.Debug|Any CPU.ActiveCfg = Debug|Any CPU
		{2676BA53-6477-48A6-8027-3CEC22E5DA2C}.Debug|Any CPU.Build.0 = Debug|Any CPU
		{2676BA53-6477-48A6-8027-3CEC22E5DA2C}.Debug|x64.ActiveCfg = Debug|Any CPU
		{2676BA53-6477-48A6-8027-3CEC22E5DA2C}.Debug|x64.Build.0 = Debug|Any CPU
		{2676BA53-6477-48A6-8027-3CEC22E5DA2C}.Debug|x86.ActiveCfg = Debug|Any CPU
		{2676BA53-6477-48A6-8027-3CEC22E5DA2C}.Debug|x86.Build.0 = Debug|Any CPU
		{2676BA53-6477-48A6-8027-3CEC22E5DA2C}.Release|Any CPU.ActiveCfg = Release|Any CPU
		{2676BA53-6477-48A6-8027-3CEC22E5DA2C}.Release|Any CPU.Build.0 = Release|Any CPU
		{2676BA53-6477-48A6-8027-3CEC22E5DA2C}.Release|x64.ActiveCfg = Release|Any CPU
		{2676BA53-6477-48A6-8027-3CEC22E5DA2C}.Release|x64.Build.0 = Release|Any CPU
		{2676BA53-6477-48A6-8027-3CEC22E5DA2C}.Release|x86.ActiveCfg = Release|Any CPU
		{2676BA53-6477-48A6-8027-3CEC22E5DA2C}.Release|x86.Build.0 = Release|Any CPU
		{8BC14A39-60F0-4332-95B6-C456EC6C8763}.Debug|Any CPU.ActiveCfg = Debug|Any CPU
		{8BC14A39-60F0-4332-95B6-C456EC6C8763}.Debug|Any CPU.Build.0 = Debug|Any CPU
		{8BC14A39-60F0-4332-95B6-C456EC6C8763}.Debug|x64.ActiveCfg = Debug|Any CPU
		{8BC14A39-60F0-4332-95B6-C456EC6C8763}.Debug|x64.Build.0 = Debug|Any CPU
		{8BC14A39-60F0-4332-95B6-C456EC6C8763}.Debug|x86.ActiveCfg = Debug|Any CPU
		{8BC14A39-60F0-4332-95B6-C456EC6C8763}.Debug|x86.Build.0 = Debug|Any CPU
		{8BC14A39-60F0-4332-95B6-C456EC6C8763}.Release|Any CPU.ActiveCfg = Release|Any CPU
		{8BC14A39-60F0-4332-95B6-C456EC6C8763}.Release|Any CPU.Build.0 = Release|Any CPU
		{8BC14A39-60F0-4332-95B6-C456EC6C8763}.Release|x64.ActiveCfg = Release|Any CPU
		{8BC14A39-60F0-4332-95B6-C456EC6C8763}.Release|x64.Build.0 = Release|Any CPU
		{8BC14A39-60F0-4332-95B6-C456EC6C8763}.Release|x86.ActiveCfg = Release|Any CPU
		{8BC14A39-60F0-4332-95B6-C456EC6C8763}.Release|x86.Build.0 = Release|Any CPU
		{EFE409B3-E046-4A81-A8E4-F2135BF0D3B6}.Debug|Any CPU.ActiveCfg = Debug|Any CPU
		{EFE409B3-E046-4A81-A8E4-F2135BF0D3B6}.Debug|Any CPU.Build.0 = Debug|Any CPU
		{EFE409B3-E046-4A81-A8E4-F2135BF0D3B6}.Debug|x64.ActiveCfg = Debug|Any CPU
		{EFE409B3-E046-4A81-A8E4-F2135BF0D3B6}.Debug|x64.Build.0 = Debug|Any CPU
		{EFE409B3-E046-4A81-A8E4-F2135BF0D3B6}.Debug|x86.ActiveCfg = Debug|Any CPU
		{EFE409B3-E046-4A81-A8E4-F2135BF0D3B6}.Debug|x86.Build.0 = Debug|Any CPU
		{EFE409B3-E046-4A81-A8E4-F2135BF0D3B6}.Release|Any CPU.ActiveCfg = Release|Any CPU
		{EFE409B3-E046-4A81-A8E4-F2135BF0D3B6}.Release|Any CPU.Build.0 = Release|Any CPU
		{EFE409B3-E046-4A81-A8E4-F2135BF0D3B6}.Release|x64.ActiveCfg = Release|Any CPU
		{EFE409B3-E046-4A81-A8E4-F2135BF0D3B6}.Release|x64.Build.0 = Release|Any CPU
		{EFE409B3-E046-4A81-A8E4-F2135BF0D3B6}.Release|x86.ActiveCfg = Release|Any CPU
		{EFE409B3-E046-4A81-A8E4-F2135BF0D3B6}.Release|x86.Build.0 = Release|Any CPU
		{75FC855E-7F8D-4091-ABB9-9CB2FFC5A19B}.Debug|Any CPU.ActiveCfg = Debug|Any CPU
		{75FC855E-7F8D-4091-ABB9-9CB2FFC5A19B}.Debug|Any CPU.Build.0 = Debug|Any CPU
		{75FC855E-7F8D-4091-ABB9-9CB2FFC5A19B}.Debug|x64.ActiveCfg = Debug|Any CPU
		{75FC855E-7F8D-4091-ABB9-9CB2FFC5A19B}.Debug|x64.Build.0 = Debug|Any CPU
		{75FC855E-7F8D-4091-ABB9-9CB2FFC5A19B}.Debug|x86.ActiveCfg = Debug|Any CPU
		{75FC855E-7F8D-4091-ABB9-9CB2FFC5A19B}.Debug|x86.Build.0 = Debug|Any CPU
		{75FC855E-7F8D-4091-ABB9-9CB2FFC5A19B}.Release|Any CPU.ActiveCfg = Release|Any CPU
		{75FC855E-7F8D-4091-ABB9-9CB2FFC5A19B}.Release|Any CPU.Build.0 = Release|Any CPU
		{75FC855E-7F8D-4091-ABB9-9CB2FFC5A19B}.Release|x64.ActiveCfg = Release|Any CPU
		{75FC855E-7F8D-4091-ABB9-9CB2FFC5A19B}.Release|x64.Build.0 = Release|Any CPU
		{75FC855E-7F8D-4091-ABB9-9CB2FFC5A19B}.Release|x86.ActiveCfg = Release|Any CPU
		{75FC855E-7F8D-4091-ABB9-9CB2FFC5A19B}.Release|x86.Build.0 = Release|Any CPU
		{F2E85E14-8831-47FD-B1DB-38B605D937AF}.Debug|Any CPU.ActiveCfg = Debug|Any CPU
		{F2E85E14-8831-47FD-B1DB-38B605D937AF}.Debug|Any CPU.Build.0 = Debug|Any CPU
		{F2E85E14-8831-47FD-B1DB-38B605D937AF}.Debug|x64.ActiveCfg = Debug|Any CPU
		{F2E85E14-8831-47FD-B1DB-38B605D937AF}.Debug|x64.Build.0 = Debug|Any CPU
		{F2E85E14-8831-47FD-B1DB-38B605D937AF}.Debug|x86.ActiveCfg = Debug|Any CPU
		{F2E85E14-8831-47FD-B1DB-38B605D937AF}.Debug|x86.Build.0 = Debug|Any CPU
		{F2E85E14-8831-47FD-B1DB-38B605D937AF}.Release|Any CPU.ActiveCfg = Release|Any CPU
		{F2E85E14-8831-47FD-B1DB-38B605D937AF}.Release|Any CPU.Build.0 = Release|Any CPU
		{F2E85E14-8831-47FD-B1DB-38B605D937AF}.Release|x64.ActiveCfg = Release|Any CPU
		{F2E85E14-8831-47FD-B1DB-38B605D937AF}.Release|x64.Build.0 = Release|Any CPU
		{F2E85E14-8831-47FD-B1DB-38B605D937AF}.Release|x86.ActiveCfg = Release|Any CPU
		{F2E85E14-8831-47FD-B1DB-38B605D937AF}.Release|x86.Build.0 = Release|Any CPU
		{8B948440-CF94-4684-B09E-B1DC6575591B}.Debug|Any CPU.ActiveCfg = Debug|Any CPU
		{8B948440-CF94-4684-B09E-B1DC6575591B}.Debug|Any CPU.Build.0 = Debug|Any CPU
		{8B948440-CF94-4684-B09E-B1DC6575591B}.Debug|x64.ActiveCfg = Debug|Any CPU
		{8B948440-CF94-4684-B09E-B1DC6575591B}.Debug|x64.Build.0 = Debug|Any CPU
		{8B948440-CF94-4684-B09E-B1DC6575591B}.Debug|x86.ActiveCfg = Debug|Any CPU
		{8B948440-CF94-4684-B09E-B1DC6575591B}.Debug|x86.Build.0 = Debug|Any CPU
		{8B948440-CF94-4684-B09E-B1DC6575591B}.Release|Any CPU.ActiveCfg = Release|Any CPU
		{8B948440-CF94-4684-B09E-B1DC6575591B}.Release|Any CPU.Build.0 = Release|Any CPU
		{8B948440-CF94-4684-B09E-B1DC6575591B}.Release|x64.ActiveCfg = Release|Any CPU
		{8B948440-CF94-4684-B09E-B1DC6575591B}.Release|x64.Build.0 = Release|Any CPU
		{8B948440-CF94-4684-B09E-B1DC6575591B}.Release|x86.ActiveCfg = Release|Any CPU
		{8B948440-CF94-4684-B09E-B1DC6575591B}.Release|x86.Build.0 = Release|Any CPU
		{429EA16D-89B7-4388-B21D-471485E74124}.Debug|Any CPU.ActiveCfg = Debug|Any CPU
		{429EA16D-89B7-4388-B21D-471485E74124}.Debug|Any CPU.Build.0 = Debug|Any CPU
		{429EA16D-89B7-4388-B21D-471485E74124}.Debug|x64.ActiveCfg = Debug|Any CPU
		{429EA16D-89B7-4388-B21D-471485E74124}.Debug|x64.Build.0 = Debug|Any CPU
		{429EA16D-89B7-4388-B21D-471485E74124}.Debug|x86.ActiveCfg = Debug|Any CPU
		{429EA16D-89B7-4388-B21D-471485E74124}.Debug|x86.Build.0 = Debug|Any CPU
		{429EA16D-89B7-4388-B21D-471485E74124}.Release|Any CPU.ActiveCfg = Release|Any CPU
		{429EA16D-89B7-4388-B21D-471485E74124}.Release|Any CPU.Build.0 = Release|Any CPU
		{429EA16D-89B7-4388-B21D-471485E74124}.Release|x64.ActiveCfg = Release|Any CPU
		{429EA16D-89B7-4388-B21D-471485E74124}.Release|x64.Build.0 = Release|Any CPU
		{429EA16D-89B7-4388-B21D-471485E74124}.Release|x86.ActiveCfg = Release|Any CPU
		{429EA16D-89B7-4388-B21D-471485E74124}.Release|x86.Build.0 = Release|Any CPU
		{FEF4C593-342C-47DE-AC8F-AAB2AE2B5A35}.Debug|Any CPU.ActiveCfg = Debug|Any CPU
		{FEF4C593-342C-47DE-AC8F-AAB2AE2B5A35}.Debug|Any CPU.Build.0 = Debug|Any CPU
		{FEF4C593-342C-47DE-AC8F-AAB2AE2B5A35}.Debug|x64.ActiveCfg = Debug|Any CPU
		{FEF4C593-342C-47DE-AC8F-AAB2AE2B5A35}.Debug|x64.Build.0 = Debug|Any CPU
		{FEF4C593-342C-47DE-AC8F-AAB2AE2B5A35}.Debug|x86.ActiveCfg = Debug|Any CPU
		{FEF4C593-342C-47DE-AC8F-AAB2AE2B5A35}.Debug|x86.Build.0 = Debug|Any CPU
		{FEF4C593-342C-47DE-AC8F-AAB2AE2B5A35}.Release|Any CPU.ActiveCfg = Release|Any CPU
		{FEF4C593-342C-47DE-AC8F-AAB2AE2B5A35}.Release|Any CPU.Build.0 = Release|Any CPU
		{FEF4C593-342C-47DE-AC8F-AAB2AE2B5A35}.Release|x64.ActiveCfg = Release|Any CPU
		{FEF4C593-342C-47DE-AC8F-AAB2AE2B5A35}.Release|x64.Build.0 = Release|Any CPU
		{FEF4C593-342C-47DE-AC8F-AAB2AE2B5A35}.Release|x86.ActiveCfg = Release|Any CPU
		{FEF4C593-342C-47DE-AC8F-AAB2AE2B5A35}.Release|x86.Build.0 = Release|Any CPU
		{B02B6B71-CBFA-4B4B-9BC0-D3D1817DFA22}.Debug|Any CPU.ActiveCfg = Debug|Any CPU
		{B02B6B71-CBFA-4B4B-9BC0-D3D1817DFA22}.Debug|Any CPU.Build.0 = Debug|Any CPU
		{B02B6B71-CBFA-4B4B-9BC0-D3D1817DFA22}.Debug|x64.ActiveCfg = Debug|Any CPU
		{B02B6B71-CBFA-4B4B-9BC0-D3D1817DFA22}.Debug|x64.Build.0 = Debug|Any CPU
		{B02B6B71-CBFA-4B4B-9BC0-D3D1817DFA22}.Debug|x86.ActiveCfg = Debug|Any CPU
		{B02B6B71-CBFA-4B4B-9BC0-D3D1817DFA22}.Debug|x86.Build.0 = Debug|Any CPU
		{B02B6B71-CBFA-4B4B-9BC0-D3D1817DFA22}.Release|Any CPU.ActiveCfg = Release|Any CPU
		{B02B6B71-CBFA-4B4B-9BC0-D3D1817DFA22}.Release|Any CPU.Build.0 = Release|Any CPU
		{B02B6B71-CBFA-4B4B-9BC0-D3D1817DFA22}.Release|x64.ActiveCfg = Release|Any CPU
		{B02B6B71-CBFA-4B4B-9BC0-D3D1817DFA22}.Release|x64.Build.0 = Release|Any CPU
		{B02B6B71-CBFA-4B4B-9BC0-D3D1817DFA22}.Release|x86.ActiveCfg = Release|Any CPU
		{B02B6B71-CBFA-4B4B-9BC0-D3D1817DFA22}.Release|x86.Build.0 = Release|Any CPU
		{7BBA86DA-05C3-46F7-B705-BD48084B496B}.Debug|Any CPU.ActiveCfg = Debug|Any CPU
		{7BBA86DA-05C3-46F7-B705-BD48084B496B}.Debug|Any CPU.Build.0 = Debug|Any CPU
		{7BBA86DA-05C3-46F7-B705-BD48084B496B}.Debug|x64.ActiveCfg = Debug|Any CPU
		{7BBA86DA-05C3-46F7-B705-BD48084B496B}.Debug|x64.Build.0 = Debug|Any CPU
		{7BBA86DA-05C3-46F7-B705-BD48084B496B}.Debug|x86.ActiveCfg = Debug|Any CPU
		{7BBA86DA-05C3-46F7-B705-BD48084B496B}.Debug|x86.Build.0 = Debug|Any CPU
		{7BBA86DA-05C3-46F7-B705-BD48084B496B}.Release|Any CPU.ActiveCfg = Release|Any CPU
		{7BBA86DA-05C3-46F7-B705-BD48084B496B}.Release|Any CPU.Build.0 = Release|Any CPU
		{7BBA86DA-05C3-46F7-B705-BD48084B496B}.Release|x64.ActiveCfg = Release|Any CPU
		{7BBA86DA-05C3-46F7-B705-BD48084B496B}.Release|x64.Build.0 = Release|Any CPU
		{7BBA86DA-05C3-46F7-B705-BD48084B496B}.Release|x86.ActiveCfg = Release|Any CPU
		{7BBA86DA-05C3-46F7-B705-BD48084B496B}.Release|x86.Build.0 = Release|Any CPU
		{A1B2C3D4-E5F6-7891-ABCD-EF1234567891}.Debug|Any CPU.ActiveCfg = Debug|Any CPU
		{A1B2C3D4-E5F6-7891-ABCD-EF1234567891}.Debug|Any CPU.Build.0 = Debug|Any CPU
		{A1B2C3D4-E5F6-7891-ABCD-EF1234567891}.Debug|x64.ActiveCfg = Debug|Any CPU
		{A1B2C3D4-E5F6-7891-ABCD-EF1234567891}.Debug|x64.Build.0 = Debug|Any CPU
		{A1B2C3D4-E5F6-7891-ABCD-EF1234567891}.Debug|x86.ActiveCfg = Debug|Any CPU
		{A1B2C3D4-E5F6-7891-ABCD-EF1234567891}.Debug|x86.Build.0 = Debug|Any CPU
		{A1B2C3D4-E5F6-7891-ABCD-EF1234567891}.Release|Any CPU.ActiveCfg = Release|Any CPU
		{A1B2C3D4-E5F6-7891-ABCD-EF1234567891}.Release|Any CPU.Build.0 = Release|Any CPU
		{A1B2C3D4-E5F6-7891-ABCD-EF1234567891}.Release|x64.ActiveCfg = Release|Any CPU
		{A1B2C3D4-E5F6-7891-ABCD-EF1234567891}.Release|x64.Build.0 = Release|Any CPU
		{A1B2C3D4-E5F6-7891-ABCD-EF1234567891}.Release|x86.ActiveCfg = Release|Any CPU
		{A1B2C3D4-E5F6-7891-ABCD-EF1234567891}.Release|x86.Build.0 = Release|Any CPU
		{0ABDED67-BBB0-42D9-9249-0751746DB140}.Debug|Any CPU.ActiveCfg = Debug|Any CPU
		{0ABDED67-BBB0-42D9-9249-0751746DB140}.Debug|Any CPU.Build.0 = Debug|Any CPU
		{0ABDED67-BBB0-42D9-9249-0751746DB140}.Debug|x64.ActiveCfg = Debug|Any CPU
		{0ABDED67-BBB0-42D9-9249-0751746DB140}.Debug|x64.Build.0 = Debug|Any CPU
		{0ABDED67-BBB0-42D9-9249-0751746DB140}.Debug|x86.ActiveCfg = Debug|Any CPU
		{0ABDED67-BBB0-42D9-9249-0751746DB140}.Debug|x86.Build.0 = Debug|Any CPU
		{0ABDED67-BBB0-42D9-9249-0751746DB140}.Release|Any CPU.ActiveCfg = Release|Any CPU
		{0ABDED67-BBB0-42D9-9249-0751746DB140}.Release|Any CPU.Build.0 = Release|Any CPU
		{0ABDED67-BBB0-42D9-9249-0751746DB140}.Release|x64.ActiveCfg = Release|Any CPU
		{0ABDED67-BBB0-42D9-9249-0751746DB140}.Release|x64.Build.0 = Release|Any CPU
		{0ABDED67-BBB0-42D9-9249-0751746DB140}.Release|x86.ActiveCfg = Release|Any CPU
		{0ABDED67-BBB0-42D9-9249-0751746DB140}.Release|x86.Build.0 = Release|Any CPU
	EndGlobalSection
	GlobalSection(SolutionProperties) = preSolution
		HideSolutionNode = FALSE
	EndGlobalSection
	GlobalSection(NestedProjects) = preSolution
		{5B6FE7D7-3EEF-4B6F-9EA3-4FD2268C7311} = {7E3C6ECA-A1A8-446F-A8D0-A662F109F2B9}
		{A1B2C3D4-E5F6-7890-ABCD-EF1234567890} = {7E3C6ECA-A1A8-446F-A8D0-A662F109F2B9}
		{8BC14A39-60F0-4332-95B6-C456EC6C8763} = {7E3C6ECA-A1A8-446F-A8D0-A662F109F2B9}
		{F2E85E14-8831-47FD-B1DB-38B605D937AF} = {7E3C6ECA-A1A8-446F-A8D0-A662F109F2B9}
		{8B948440-CF94-4684-B09E-B1DC6575591B} = {7E3C6ECA-A1A8-446F-A8D0-A662F109F2B9}
		{429EA16D-89B7-4388-B21D-471485E74124} = {7E3C6ECA-A1A8-446F-A8D0-A662F109F2B9}
		{FEF4C593-342C-47DE-AC8F-AAB2AE2B5A35} = {7E3C6ECA-A1A8-446F-A8D0-A662F109F2B9}
		{B02B6B71-CBFA-4B4B-9BC0-D3D1817DFA22} = {7E3C6ECA-A1A8-446F-A8D0-A662F109F2B9}
		{7BBA86DA-05C3-46F7-B705-BD48084B496B} = {7E3C6ECA-A1A8-446F-A8D0-A662F109F2B9}
		{0ABDED67-BBB0-42D9-9249-0751746DB140} = {827E0CD3-B72D-47B6-A68D-7590B98EB39B}
	EndGlobalSection
	GlobalSection(ExtensibilityGlobals) = postSolution
		SolutionGuid = {CEA1D327-E773-4A3D-837C-6B01037E16E5}
	EndGlobalSection
EndGlobal
